
Microsoft Visual Studio Solution File, Format Version 12.00
# Visual Studio Version 16
VisualStudioVersion = 16.0.31129.286
MinimumVisualStudioVersion = 10.0.40219.1
Project("{FAE04EC0-301F-11D3-BF4B-00C04F79EFBC}") = "TP_WEB", "TP_WEB\TP_WEB.csproj", "{BE74EAD8-4803-4962-9C21-515C5193ECA7}"
EndProject
Project("{FAE04EC0-301F-11D3-BF4B-00C04F79EFBC}") = "TB_WEB.CommonLibrary", "TB_WEB.CommonLibrary\TB_WEB.CommonLibrary.csproj", "{806D05E5-0197-4410-99D0-AA087F140547}"
EndProject
Project("{FAE04EC0-301F-11D3-BF4B-00C04F79EFBC}") = "TP_Console", "TP_Console\TP_Console.csproj", "{5A8397AA-9DD0-40B4-8662-8B671481C24F}"
EndProject
Project("{FAE04EC0-301F-11D3-BF4B-00C04F79EFBC}") = "WebApi", "WebApi\WebApi.csproj", "{7A4DD17E-1262-4981-A795-D31C7ABD329A}"
EndProject
Project("{FAE04EC0-301F-11D3-BF4B-00C04F79EFBC}") = "WebApi.Tests", "WebApi.Tests\WebApi.Tests.csproj", "{57D72002-934F-4008-9B4E-5FE92DF96BD7}"
EndProject
Project("{9A19103F-16F7-4668-BE54-9A1E7A4F7556}") = "Rpt_WebForm", "Rpt_WebForm\Rpt_WebForm.csproj", "{253F4804-368B-4757-811A-F394F72F8002}"
EndProject
Project("{54435603-DBB4-11D2-8724-00A0C9A8B90C}") = "Rpt-Installer", "Rpt-Installer\Rpt-Installer.vdproj", "{574C105A-E5A1-4389-B11A-056BFFEE82D2}"
EndProject
Global
	GlobalSection(SolutionConfigurationPlatforms) = preSolution
		Debug|Any CPU = Debug|Any CPU
		Release|Any CPU = Release|Any CPU
	EndGlobalSection
	GlobalSection(ProjectConfigurationPlatforms) = postSolution
		{BE74EAD8-4803-4962-9C21-515C5193ECA7}.Debug|Any CPU.ActiveCfg = Debug|Any CPU
		{BE74EAD8-4803-4962-9C21-515C5193ECA7}.Debug|Any CPU.Build.0 = Debug|Any CPU
		{BE74EAD8-4803-4962-9C21-515C5193ECA7}.Release|Any CPU.ActiveCfg = Release|Any CPU
		{BE74EAD8-4803-4962-9C21-515C5193ECA7}.Release|Any CPU.Build.0 = Release|Any CPU
		{806D05E5-0197-4410-99D0-AA087F140547}.Debug|Any CPU.ActiveCfg = Debug|Any CPU
		{806D05E5-0197-4410-99D0-AA087F140547}.Debug|Any CPU.Build.0 = Debug|Any CPU
		{806D05E5-0197-4410-99D0-AA087F140547}.Release|Any CPU.ActiveCfg = Release|Any CPU
		{806D05E5-0197-4410-99D0-AA087F140547}.Release|Any CPU.Build.0 = Release|Any CPU
		{5A8397AA-9DD0-40B4-8662-8B671481C24F}.Debug|Any CPU.ActiveCfg = Debug|Any CPU
		{5A8397AA-9DD0-40B4-8662-8B671481C24F}.Debug|Any CPU.Build.0 = Debug|Any CPU
		{5A8397AA-9DD0-40B4-8662-8B671481C24F}.Release|Any CPU.ActiveCfg = Release|Any CPU
		{5A8397AA-9DD0-40B4-8662-8B671481C24F}.Release|Any CPU.Build.0 = Release|Any CPU
		{7A4DD17E-1262-4981-A795-D31C7ABD329A}.Debug|Any CPU.ActiveCfg = Debug|Any CPU
		{7A4DD17E-1262-4981-A795-D31C7ABD329A}.Debug|Any CPU.Build.0 = Debug|Any CPU
		{7A4DD17E-1262-4981-A795-D31C7ABD329A}.Release|Any CPU.ActiveCfg = Release|Any CPU
		{7A4DD17E-1262-4981-A795-D31C7ABD329A}.Release|Any CPU.Build.0 = Release|Any CPU
		{57D72002-934F-4008-9B4E-5FE92DF96BD7}.Debug|Any CPU.ActiveCfg = Debug|Any CPU
		{57D72002-934F-4008-9B4E-5FE92DF96BD7}.Debug|Any CPU.Build.0 = Debug|Any CPU
		{57D72002-934F-4008-9B4E-5FE92DF96BD7}.Release|Any CPU.ActiveCfg = Release|Any CPU
		{57D72002-934F-4008-9B4E-5FE92DF96BD7}.Release|Any CPU.Build.0 = Release|Any CPU
		{253F4804-368B-4757-811A-F394F72F8002}.Debug|Any CPU.ActiveCfg = Debug|Any CPU
		{253F4804-368B-4757-811A-F394F72F8002}.Debug|Any CPU.Build.0 = Debug|Any CPU
		{253F4804-368B-4757-811A-F394F72F8002}.Release|Any CPU.ActiveCfg = Release|Any CPU
		{253F4804-368B-4757-811A-F394F72F8002}.Release|Any CPU.Build.0 = Release|Any CPU
		{574C105A-E5A1-4389-B11A-056BFFEE82D2}.Debug|Any CPU.ActiveCfg = Debug
		{574C105A-E5A1-4389-B11A-056BFFEE82D2}.Release|Any CPU.ActiveCfg = Release
	EndGlobalSection
	GlobalSection(SolutionProperties) = preSolution
		HideSolutionNode = FALSE
	EndGlobalSection
	GlobalSection(ExtensibilityGlobals) = postSolution
		SolutionGuid = {E563C55D-5DEB-4555-AAE4-85BDE99E5A9E}
	EndGlobalSection
EndGlobal
